// !$*UTF8*$!
{
	archiveVersion = 1;
	classes = {
	};
	objectVersion = 56;
	objects = {

/* Begin PBXBuildFile section */
		693CE15E2A59789F00F09F30 /* FetchTest.swift in Sources */ = {isa = PBXBuildFile; fileRef = 693CE15D2A59789F00F09F30 /* FetchTest.swift */; };
		6942FB272A5B8AB0004A3B5B /* Task6View.swift in Sources */ = {isa = PBXBuildFile; fileRef = 6942FB262A5B8AB0004A3B5B /* Task6View.swift */; };
		6942FB2C2A5B8BDA004A3B5B /* GeneraView.swift in Sources */ = {isa = PBXBuildFile; fileRef = 6942FB2B2A5B8BDA004A3B5B /* GeneraView.swift */; };
		6942FB2E2A5B94CB004A3B5B /* Task7View.swift in Sources */ = {isa = PBXBuildFile; fileRef = 6942FB2D2A5B94CB004A3B5B /* Task7View.swift */; };
		6942FB302A5B9579004A3B5B /* Utils.swift in Sources */ = {isa = PBXBuildFile; fileRef = 6942FB2F2A5B9579004A3B5B /* Utils.swift */; };
		6942FB322A5B95EE004A3B5B /* Task8View.swift in Sources */ = {isa = PBXBuildFile; fileRef = 6942FB312A5B95EE004A3B5B /* Task8View.swift */; };
		6942FB372A5B9ACF004A3B5B /* ClassModel.swift in Sources */ = {isa = PBXBuildFile; fileRef = 6942FB362A5B9ACF004A3B5B /* ClassModel.swift */; };
		6942FB392A5B9BBE004A3B5B /* HierarchicalStructure.swift in Sources */ = {isa = PBXBuildFile; fileRef = 6942FB382A5B9BBE004A3B5B /* HierarchicalStructure.swift */; };
		6942FB3B2A5BF236004A3B5B /* Task9View.swift in Sources */ = {isa = PBXBuildFile; fileRef = 6942FB3A2A5BF236004A3B5B /* Task9View.swift */; };
		6942FB3D2A5BF2A4004A3B5B /* Task10View.swift in Sources */ = {isa = PBXBuildFile; fileRef = 6942FB3C2A5BF2A4004A3B5B /* Task10View.swift */; };
		694B62FD2A5E344600890C2F /* TopView.swift in Sources */ = {isa = PBXBuildFile; fileRef = 694B62FC2A5E344600890C2F /* TopView.swift */; };
		694B63012A5E34AE00890C2F /* ImageExtension.swift in Sources */ = {isa = PBXBuildFile; fileRef = 694B63002A5E34AE00890C2F /* ImageExtension.swift */; };
		695BD10A2A58F618001479C3 /* SwiftUI_Study_2023App.swift in Sources */ = {isa = PBXBuildFile; fileRef = 695BD1092A58F618001479C3 /* SwiftUI_Study_2023App.swift */; };
		695BD10C2A58F618001479C3 /* ContentView.swift in Sources */ = {isa = PBXBuildFile; fileRef = 695BD10B2A58F618001479C3 /* ContentView.swift */; };
		695BD10E2A58F61A001479C3 /* Assets.xcassets in Resources */ = {isa = PBXBuildFile; fileRef = 695BD10D2A58F61A001479C3 /* Assets.xcassets */; };
		695BD1112A58F61A001479C3 /* Preview Assets.xcassets in Resources */ = {isa = PBXBuildFile; fileRef = 695BD1102A58F61A001479C3 /* Preview Assets.xcassets */; };
		695BD11B2A58F61A001479C3 /* SwiftUI_Study_2023Tests.swift in Sources */ = {isa = PBXBuildFile; fileRef = 695BD11A2A58F61A001479C3 /* SwiftUI_Study_2023Tests.swift */; };
		695BD1252A58F61A001479C3 /* SwiftUI_Study_2023UITests.swift in Sources */ = {isa = PBXBuildFile; fileRef = 695BD1242A58F61A001479C3 /* SwiftUI_Study_2023UITests.swift */; };
		695BD1272A58F61A001479C3 /* SwiftUI_Study_2023UITestsLaunchTests.swift in Sources */ = {isa = PBXBuildFile; fileRef = 695BD1262A58F61A001479C3 /* SwiftUI_Study_2023UITestsLaunchTests.swift */; };
		695BD1342A58FD03001479C3 /* StructView.swift in Sources */ = {isa = PBXBuildFile; fileRef = 695BD1332A58FD03001479C3 /* StructView.swift */; };
		695BD1362A58FD1E001479C3 /* ClassView.swift in Sources */ = {isa = PBXBuildFile; fileRef = 695BD1352A58FD1E001479C3 /* ClassView.swift */; };
		697184BA2B8066CA00AC0A49 /* DiceView.swift in Sources */ = {isa = PBXBuildFile; fileRef = 697184B92B8066CA00AC0A49 /* DiceView.swift */; };
		697911A02B8369E900A69F45 /* AlertDialogView.swift in Sources */ = {isa = PBXBuildFile; fileRef = 6979119F2B8369E900A69F45 /* AlertDialogView.swift */; };
		699FFF592B81C8180096FC7E /* ScreenTransitionView.swift in Sources */ = {isa = PBXBuildFile; fileRef = 699FFF582B81C8180096FC7E /* ScreenTransitionView.swift */; };
		69A2B5372A5CD36C00AC658C /* Task11View.swift in Sources */ = {isa = PBXBuildFile; fileRef = 69A2B5362A5CD36C00AC658C /* Task11View.swift */; };
		69A2B53C2A5CD55600AC658C /* Task12View.swift in Sources */ = {isa = PBXBuildFile; fileRef = 69A2B53B2A5CD55600AC658C /* Task12View.swift */; };
		69A2B5402A5CD71800AC658C /* Task13View.swift in Sources */ = {isa = PBXBuildFile; fileRef = 69A2B53F2A5CD71800AC658C /* Task13View.swift */; };
		69A2B5422A5CDB7A00AC658C /* Task14View.swift in Sources */ = {isa = PBXBuildFile; fileRef = 69A2B5412A5CDB7A00AC658C /* Task14View.swift */; };
		69A2B5462A5CDC4700AC658C /* GeneralModel.swift in Sources */ = {isa = PBXBuildFile; fileRef = 69A2B5452A5CDC4700AC658C /* GeneralModel.swift */; };
		69A2B5482A5CEBBE00AC658C /* Task15View.swift in Sources */ = {isa = PBXBuildFile; fileRef = 69A2B5472A5CEBBE00AC658C /* Task15View.swift */; };
		69A2B54D2A5D602800AC658C /* MainMenuView.swift in Sources */ = {isa = PBXBuildFile; fileRef = 69A2B54C2A5D602800AC658C /* MainMenuView.swift */; };
		69ABF0632B7DD31F008B8DC5 /* FaceView.swift in Sources */ = {isa = PBXBuildFile; fileRef = 69ABF0622B7DD31F008B8DC5 /* FaceView.swift */; };
		69ABF0652B7DE96A008B8DC5 /* Map2View.swift in Sources */ = {isa = PBXBuildFile; fileRef = 69ABF0642B7DE96A008B8DC5 /* Map2View.swift */; };
		69C088B22A60DD2800C526BD /* TextFieldView.swift in Sources */ = {isa = PBXBuildFile; fileRef = 69C088B12A60DD2800C526BD /* TextFieldView.swift */; };
		69C088B42A60DD2E00C526BD /* TableView.swift in Sources */ = {isa = PBXBuildFile; fileRef = 69C088B32A60DD2E00C526BD /* TableView.swift */; };
		69C088B72A60DDC300C526BD /* FrameView.swift in Sources */ = {isa = PBXBuildFile; fileRef = 69C088B62A60DDC300C526BD /* FrameView.swift */; };
		69C088B92A60DDCD00C526BD /* LazyVGridView.swift in Sources */ = {isa = PBXBuildFile; fileRef = 69C088B82A60DDCD00C526BD /* LazyVGridView.swift */; };
		69C088C62A62278400C526BD /* StructModel.swift in Sources */ = {isa = PBXBuildFile; fileRef = 69C088C52A62278400C526BD /* StructModel.swift */; };
		69C088CA2A622E7800C526BD /* ObservedObjectView.swift in Sources */ = {isa = PBXBuildFile; fileRef = 69C088C92A622E7800C526BD /* ObservedObjectView.swift */; };
		69C088CC2A62398000C526BD /* StateObjectView.swift in Sources */ = {isa = PBXBuildFile; fileRef = 69C088CB2A62398000C526BD /* StateObjectView.swift */; };
		69C088CE2A623E5C00C526BD /* ObservedOrStateView.swift in Sources */ = {isa = PBXBuildFile; fileRef = 69C088CD2A623E5C00C526BD /* ObservedOrStateView.swift */; };
		69CA44C52B804E6300E0100E /* GithubUserView.swift in Sources */ = {isa = PBXBuildFile; fileRef = 69CA44AC2B804E6300E0100E /* GithubUserView.swift */; };
		69CA44C62B804E6300E0100E /* QiittaView.swift in Sources */ = {isa = PBXBuildFile; fileRef = 69CA44AD2B804E6300E0100E /* QiittaView.swift */; };
		69CA44C72B804E6300E0100E /* SateiView.swift in Sources */ = {isa = PBXBuildFile; fileRef = 69CA44AE2B804E6300E0100E /* SateiView.swift */; };
		69CA44C82B804E6300E0100E /* GitHubUser.swift in Sources */ = {isa = PBXBuildFile; fileRef = 69CA44B02B804E6300E0100E /* GitHubUser.swift */; };
		69CA44C92B804E6300E0100E /* Satei.swift in Sources */ = {isa = PBXBuildFile; fileRef = 69CA44B12B804E6300E0100E /* Satei.swift */; };
		69CA44CA2B804E6300E0100E /* Article.swift in Sources */ = {isa = PBXBuildFile; fileRef = 69CA44B22B804E6300E0100E /* Article.swift */; };
		69CA44CB2B804E6300E0100E /* QittaUser.swift in Sources */ = {isa = PBXBuildFile; fileRef = 69CA44B32B804E6300E0100E /* QittaUser.swift */; };
		69CA44CC2B804E6300E0100E /* AsAf.swift in Sources */ = {isa = PBXBuildFile; fileRef = 69CA44B52B804E6300E0100E /* AsAf.swift */; };
		69CA44CD2B804E6300E0100E /* Util.swift in Sources */ = {isa = PBXBuildFile; fileRef = 69CA44B62B804E6300E0100E /* Util.swift */; };
		69CA44CE2B804E6300E0100E /* SateiiViewModel.swift in Sources */ = {isa = PBXBuildFile; fileRef = 69CA44B82B804E6300E0100E /* SateiiViewModel.swift */; };
		69CA44CF2B804E6300E0100E /* ArticleViewModel.swift in Sources */ = {isa = PBXBuildFile; fileRef = 69CA44B92B804E6300E0100E /* ArticleViewModel.swift */; };
		69CA44D02B804E6300E0100E /* mockEventsData.swift in Sources */ = {isa = PBXBuildFile; fileRef = 69CA44BC2B804E6300E0100E /* mockEventsData.swift */; };
		69CA44D12B804E6300E0100E /* TopListViewModel.swift in Sources */ = {isa = PBXBuildFile; fileRef = 69CA44BE2B804E6300E0100E /* TopListViewModel.swift */; };
		69CA44D22B804E6300E0100E /* StudyGroup.swift in Sources */ = {isa = PBXBuildFile; fileRef = 69CA44C02B804E6300E0100E /* StudyGroup.swift */; };
		69CA44D32B804E6300E0100E /* Event.swift in Sources */ = {isa = PBXBuildFile; fileRef = 69CA44C12B804E6300E0100E /* Event.swift */; };
		69CA44D42B804E6300E0100E /* TopListView.swift in Sources */ = {isa = PBXBuildFile; fileRef = 69CA44C32B804E6300E0100E /* TopListView.swift */; };
		69CA44D52B804E6300E0100E /* EventRowView.swift in Sources */ = {isa = PBXBuildFile; fileRef = 69CA44C42B804E6300E0100E /* EventRowView.swift */; };
		69CA44D92B80502300E0100E /* .gitignore in Resources */ = {isa = PBXBuildFile; fileRef = 69CA44D82B80502300E0100E /* .gitignore */; };
		69CEC4CC2B85B3AC006715E7 /* LoginView.swift in Sources */ = {isa = PBXBuildFile; fileRef = 69CEC4CB2B85B3AC006715E7 /* LoginView.swift */; };
		69D363CC2A5A3C7900A14065 /* Landmark.swift in Sources */ = {isa = PBXBuildFile; fileRef = 69D363CB2A5A3C7900A14065 /* Landmark.swift */; };
		69D363CE2A5A3C9100A14065 /* LandmarkRow.swift in Sources */ = {isa = PBXBuildFile; fileRef = 69D363CD2A5A3C9100A14065 /* LandmarkRow.swift */; };
		69D363D12A5A3CD100A14065 /* landmarkData.json in Resources */ = {isa = PBXBuildFile; fileRef = 69D363D02A5A3CD100A14065 /* landmarkData.json */; };
		69D363D32A5A3D2200A14065 /* ModelData.swift in Sources */ = {isa = PBXBuildFile; fileRef = 69D363D22A5A3D2200A14065 /* ModelData.swift */; };
		69D363D62A5A3D6F00A14065 /* CircleImage.swift in Sources */ = {isa = PBXBuildFile; fileRef = 69D363D52A5A3D6F00A14065 /* CircleImage.swift */; };
		69D363D82A5A3EC500A14065 /* MapView.swift in Sources */ = {isa = PBXBuildFile; fileRef = 69D363D72A5A3EC500A14065 /* MapView.swift */; };
		69D363DA2A5A3EE500A14065 /* LandmarksView.swift in Sources */ = {isa = PBXBuildFile; fileRef = 69D363D92A5A3EE500A14065 /* LandmarksView.swift */; };
		69D363DC2A5A408C00A14065 /* LandmarkList.swift in Sources */ = {isa = PBXBuildFile; fileRef = 69D363DB2A5A408C00A14065 /* LandmarkList.swift */; };
		69D363DE2A5A451E00A14065 /* LandmarkDetail.swift in Sources */ = {isa = PBXBuildFile; fileRef = 69D363DD2A5A451E00A14065 /* LandmarkDetail.swift */; };
		69DE73982A66D36D003865D3 /* BindExtension.swift in Sources */ = {isa = PBXBuildFile; fileRef = 69DE73972A66D36D003865D3 /* BindExtension.swift */; };
		69DE739D2A67803C003865D3 /* RestaurantView.swift in Sources */ = {isa = PBXBuildFile; fileRef = 69DE739C2A67803C003865D3 /* RestaurantView.swift */; };
		69DE739F2A678055003865D3 /* TodoListView.swift in Sources */ = {isa = PBXBuildFile; fileRef = 69DE739E2A678055003865D3 /* TodoListView.swift */; };
		69DE73A32A67810E003865D3 /* WeSplit.swift in Sources */ = {isa = PBXBuildFile; fileRef = 69DE73A22A67810E003865D3 /* WeSplit.swift */; };
		69DE73A52A67811F003865D3 /* GuessTheFlag.swift in Sources */ = {isa = PBXBuildFile; fileRef = 69DE73A42A67811E003865D3 /* GuessTheFlag.swift */; };
		69DE73A72A678131003865D3 /* GuessTheFlagComplete.swift in Sources */ = {isa = PBXBuildFile; fileRef = 69DE73A62A678131003865D3 /* GuessTheFlagComplete.swift */; };
		69E03BB02B82DE1A00E00889 /* CounterView.swift in Sources */ = {isa = PBXBuildFile; fileRef = 69E03BAF2B82DE1A00E00889 /* CounterView.swift */; };
		69EB75732B809EA500499183 /* Alamofire in Frameworks */ = {isa = PBXBuildFile; productRef = 69EB75722B809EA500499183 /* Alamofire */; };
		69EB75762B809EE600499183 /* SwiftSoup in Frameworks */ = {isa = PBXBuildFile; productRef = 69EB75752B809EE600499183 /* SwiftSoup */; };
		69EB75792B80A2BC00499183 /* SP500View.swift in Sources */ = {isa = PBXBuildFile; fileRef = 69EB75782B80A2BC00499183 /* SP500View.swift */; };
		69EE08782B7F0E4F00A9EB9C /* TaxCalcView.swift in Sources */ = {isa = PBXBuildFile; fileRef = 69EE08772B7F0E4F00A9EB9C /* TaxCalcView.swift */; };
		69FB48502A5E364700F6448F /* BottomView.swift in Sources */ = {isa = PBXBuildFile; fileRef = 69FB484F2A5E364700F6448F /* BottomView.swift */; };
		69FB48522A5E367200F6448F /* ViewExtension.swift in Sources */ = {isa = PBXBuildFile; fileRef = 69FB48512A5E367200F6448F /* ViewExtension.swift */; };
		69FB48552A5E36A000F6448F /* BottomButtonModifier.swift in Sources */ = {isa = PBXBuildFile; fileRef = 69FB48542A5E36A000F6448F /* BottomButtonModifier.swift */; };
		69FB48572A5E3A8A00F6448F /* HomeView.swift in Sources */ = {isa = PBXBuildFile; fileRef = 69FB48562A5E3A8900F6448F /* HomeView.swift */; };
		69FB485A2A5F7B6A00F6448F /* Utis.swift in Sources */ = {isa = PBXBuildFile; fileRef = 69FB48592A5F7B6A00F6448F /* Utis.swift */; };
		69FB485C2A5F7C1600F6448F /* NumberView.swift in Sources */ = {isa = PBXBuildFile; fileRef = 69FB485B2A5F7C1600F6448F /* NumberView.swift */; };
		69FB485E2A5F831A00F6448F /* FormView.swift in Sources */ = {isa = PBXBuildFile; fileRef = 69FB485D2A5F831A00F6448F /* FormView.swift */; };
		69FB48632A5F9B3200F6448F /* ListView.swift in Sources */ = {isa = PBXBuildFile; fileRef = 69FB48622A5F9B3200F6448F /* ListView.swift */; };
		69FC053E2A5ABA5600A8AC2D /* Task3View.swift in Sources */ = {isa = PBXBuildFile; fileRef = 69FC053D2A5ABA5600A8AC2D /* Task3View.swift */; };
		69FC05402A5ABAD700A8AC2D /* Task4View.swift in Sources */ = {isa = PBXBuildFile; fileRef = 69FC053F2A5ABAD700A8AC2D /* Task4View.swift */; };
		69FC05422A5ABB4D00A8AC2D /* Task5View.swift in Sources */ = {isa = PBXBuildFile; fileRef = 69FC05412A5ABB4D00A8AC2D /* Task5View.swift */; };
		69FC05442A5ABC5600A8AC2D /* TaskMenuView.swift in Sources */ = {isa = PBXBuildFile; fileRef = 69FC05432A5ABC5600A8AC2D /* TaskMenuView.swift */; };
		69FC05462A5ABCBF00A8AC2D /* Task1View.swift in Sources */ = {isa = PBXBuildFile; fileRef = 69FC05452A5ABCBF00A8AC2D /* Task1View.swift */; };
		69FC05482A5AE36A00A8AC2D /* Task2View.swift in Sources */ = {isa = PBXBuildFile; fileRef = 69FC05472A5AE36A00A8AC2D /* Task2View.swift */; };
/* End PBXBuildFile section */

/* Begin PBXContainerItemProxy section */
		695BD1172A58F61A001479C3 /* PBXContainerItemProxy */ = {
			isa = PBXContainerItemProxy;
			containerPortal = 695BD0FE2A58F618001479C3 /* Project object */;
			proxyType = 1;
			remoteGlobalIDString = 695BD1052A58F618001479C3;
			remoteInfo = "SwiftUI-Study-2023";
		};
		695BD1212A58F61A001479C3 /* PBXContainerItemProxy */ = {
			isa = PBXContainerItemProxy;
			containerPortal = 695BD0FE2A58F618001479C3 /* Project object */;
			proxyType = 1;
			remoteGlobalIDString = 695BD1052A58F618001479C3;
			remoteInfo = "SwiftUI-Study-2023";
		};
/* End PBXContainerItemProxy section */

/* Begin PBXFileReference section */
		693CE15D2A59789F00F09F30 /* FetchTest.swift */ = {isa = PBXFileReference; lastKnownFileType = sourcecode.swift; path = FetchTest.swift; sourceTree = "<group>"; };
		6942FB262A5B8AB0004A3B5B /* Task6View.swift */ = {isa = PBXFileReference; lastKnownFileType = sourcecode.swift; path = Task6View.swift; sourceTree = "<group>"; };
		6942FB2B2A5B8BDA004A3B5B /* GeneraView.swift */ = {isa = PBXFileReference; lastKnownFileType = sourcecode.swift; path = GeneraView.swift; sourceTree = "<group>"; };
		6942FB2D2A5B94CB004A3B5B /* Task7View.swift */ = {isa = PBXFileReference; lastKnownFileType = sourcecode.swift; path = Task7View.swift; sourceTree = "<group>"; };
		6942FB2F2A5B9579004A3B5B /* Utils.swift */ = {isa = PBXFileReference; lastKnownFileType = sourcecode.swift; path = Utils.swift; sourceTree = "<group>"; };
		6942FB312A5B95EE004A3B5B /* Task8View.swift */ = {isa = PBXFileReference; lastKnownFileType = sourcecode.swift; path = Task8View.swift; sourceTree = "<group>"; };
		6942FB362A5B9ACF004A3B5B /* ClassModel.swift */ = {isa = PBXFileReference; lastKnownFileType = sourcecode.swift; path = ClassModel.swift; sourceTree = "<group>"; };
		6942FB382A5B9BBE004A3B5B /* HierarchicalStructure.swift */ = {isa = PBXFileReference; lastKnownFileType = sourcecode.swift; path = HierarchicalStructure.swift; sourceTree = "<group>"; };
		6942FB3A2A5BF236004A3B5B /* Task9View.swift */ = {isa = PBXFileReference; lastKnownFileType = sourcecode.swift; path = Task9View.swift; sourceTree = "<group>"; };
		6942FB3C2A5BF2A4004A3B5B /* Task10View.swift */ = {isa = PBXFileReference; lastKnownFileType = sourcecode.swift; path = Task10View.swift; sourceTree = "<group>"; };
		694B62FC2A5E344600890C2F /* TopView.swift */ = {isa = PBXFileReference; fileEncoding = 4; lastKnownFileType = sourcecode.swift; path = TopView.swift; sourceTree = "<group>"; };
		694B63002A5E34AE00890C2F /* ImageExtension.swift */ = {isa = PBXFileReference; fileEncoding = 4; lastKnownFileType = sourcecode.swift; path = ImageExtension.swift; sourceTree = "<group>"; };
		695BD1062A58F618001479C3 /* SwiftUI-Study-2023.app */ = {isa = PBXFileReference; explicitFileType = wrapper.application; includeInIndex = 0; path = "SwiftUI-Study-2023.app"; sourceTree = BUILT_PRODUCTS_DIR; };
		695BD1092A58F618001479C3 /* SwiftUI_Study_2023App.swift */ = {isa = PBXFileReference; lastKnownFileType = sourcecode.swift; path = SwiftUI_Study_2023App.swift; sourceTree = "<group>"; };
		695BD10B2A58F618001479C3 /* ContentView.swift */ = {isa = PBXFileReference; lastKnownFileType = sourcecode.swift; path = ContentView.swift; sourceTree = "<group>"; };
		695BD10D2A58F61A001479C3 /* Assets.xcassets */ = {isa = PBXFileReference; lastKnownFileType = folder.assetcatalog; path = Assets.xcassets; sourceTree = "<group>"; };
		695BD1102A58F61A001479C3 /* Preview Assets.xcassets */ = {isa = PBXFileReference; lastKnownFileType = folder.assetcatalog; path = "Preview Assets.xcassets"; sourceTree = "<group>"; };
		695BD1162A58F61A001479C3 /* SwiftUI-Study-2023Tests.xctest */ = {isa = PBXFileReference; explicitFileType = wrapper.cfbundle; includeInIndex = 0; path = "SwiftUI-Study-2023Tests.xctest"; sourceTree = BUILT_PRODUCTS_DIR; };
		695BD11A2A58F61A001479C3 /* SwiftUI_Study_2023Tests.swift */ = {isa = PBXFileReference; lastKnownFileType = sourcecode.swift; path = SwiftUI_Study_2023Tests.swift; sourceTree = "<group>"; };
		695BD1202A58F61A001479C3 /* SwiftUI-Study-2023UITests.xctest */ = {isa = PBXFileReference; explicitFileType = wrapper.cfbundle; includeInIndex = 0; path = "SwiftUI-Study-2023UITests.xctest"; sourceTree = BUILT_PRODUCTS_DIR; };
		695BD1242A58F61A001479C3 /* SwiftUI_Study_2023UITests.swift */ = {isa = PBXFileReference; lastKnownFileType = sourcecode.swift; path = SwiftUI_Study_2023UITests.swift; sourceTree = "<group>"; };
		695BD1262A58F61A001479C3 /* SwiftUI_Study_2023UITestsLaunchTests.swift */ = {isa = PBXFileReference; lastKnownFileType = sourcecode.swift; path = SwiftUI_Study_2023UITestsLaunchTests.swift; sourceTree = "<group>"; };
		695BD1332A58FD03001479C3 /* StructView.swift */ = {isa = PBXFileReference; fileEncoding = 4; lastKnownFileType = sourcecode.swift; path = StructView.swift; sourceTree = "<group>"; };
		695BD1352A58FD1E001479C3 /* ClassView.swift */ = {isa = PBXFileReference; fileEncoding = 4; lastKnownFileType = sourcecode.swift; path = ClassView.swift; sourceTree = "<group>"; };
		697184B92B8066CA00AC0A49 /* DiceView.swift */ = {isa = PBXFileReference; lastKnownFileType = sourcecode.swift; path = DiceView.swift; sourceTree = "<group>"; };
		6979119F2B8369E900A69F45 /* AlertDialogView.swift */ = {isa = PBXFileReference; lastKnownFileType = sourcecode.swift; path = AlertDialogView.swift; sourceTree = "<group>"; };
		699FFF582B81C8180096FC7E /* ScreenTransitionView.swift */ = {isa = PBXFileReference; lastKnownFileType = sourcecode.swift; path = ScreenTransitionView.swift; sourceTree = "<group>"; };
		69A2B5362A5CD36C00AC658C /* Task11View.swift */ = {isa = PBXFileReference; lastKnownFileType = sourcecode.swift; path = Task11View.swift; sourceTree = "<group>"; };
		69A2B53B2A5CD55600AC658C /* Task12View.swift */ = {isa = PBXFileReference; lastKnownFileType = sourcecode.swift; path = Task12View.swift; sourceTree = "<group>"; };
		69A2B53F2A5CD71800AC658C /* Task13View.swift */ = {isa = PBXFileReference; lastKnownFileType = sourcecode.swift; path = Task13View.swift; sourceTree = "<group>"; };
		69A2B5412A5CDB7A00AC658C /* Task14View.swift */ = {isa = PBXFileReference; lastKnownFileType = sourcecode.swift; path = Task14View.swift; sourceTree = "<group>"; };
		69A2B5452A5CDC4700AC658C /* GeneralModel.swift */ = {isa = PBXFileReference; lastKnownFileType = sourcecode.swift; path = GeneralModel.swift; sourceTree = "<group>"; };
		69A2B5472A5CEBBE00AC658C /* Task15View.swift */ = {isa = PBXFileReference; lastKnownFileType = sourcecode.swift; path = Task15View.swift; sourceTree = "<group>"; };
		69A2B54C2A5D602800AC658C /* MainMenuView.swift */ = {isa = PBXFileReference; lastKnownFileType = sourcecode.swift; path = MainMenuView.swift; sourceTree = "<group>"; };
		69ABF0622B7DD31F008B8DC5 /* FaceView.swift */ = {isa = PBXFileReference; lastKnownFileType = sourcecode.swift; path = FaceView.swift; sourceTree = "<group>"; };
		69ABF0642B7DE96A008B8DC5 /* Map2View.swift */ = {isa = PBXFileReference; lastKnownFileType = sourcecode.swift; path = Map2View.swift; sourceTree = "<group>"; };
		69C088B12A60DD2800C526BD /* TextFieldView.swift */ = {isa = PBXFileReference; fileEncoding = 4; lastKnownFileType = sourcecode.swift; path = TextFieldView.swift; sourceTree = "<group>"; };
		69C088B32A60DD2E00C526BD /* TableView.swift */ = {isa = PBXFileReference; fileEncoding = 4; lastKnownFileType = sourcecode.swift; path = TableView.swift; sourceTree = "<group>"; };
		69C088B62A60DDC300C526BD /* FrameView.swift */ = {isa = PBXFileReference; fileEncoding = 4; lastKnownFileType = sourcecode.swift; path = FrameView.swift; sourceTree = "<group>"; };
		69C088B82A60DDCD00C526BD /* LazyVGridView.swift */ = {isa = PBXFileReference; fileEncoding = 4; lastKnownFileType = sourcecode.swift; path = LazyVGridView.swift; sourceTree = "<group>"; };
		69C088C52A62278400C526BD /* StructModel.swift */ = {isa = PBXFileReference; lastKnownFileType = sourcecode.swift; path = StructModel.swift; sourceTree = "<group>"; };
		69C088C92A622E7800C526BD /* ObservedObjectView.swift */ = {isa = PBXFileReference; lastKnownFileType = sourcecode.swift; path = ObservedObjectView.swift; sourceTree = "<group>"; };
		69C088CB2A62398000C526BD /* StateObjectView.swift */ = {isa = PBXFileReference; lastKnownFileType = sourcecode.swift; path = StateObjectView.swift; sourceTree = "<group>"; };
		69C088CD2A623E5C00C526BD /* ObservedOrStateView.swift */ = {isa = PBXFileReference; lastKnownFileType = sourcecode.swift; path = ObservedOrStateView.swift; sourceTree = "<group>"; };
		69CA44AC2B804E6300E0100E /* GithubUserView.swift */ = {isa = PBXFileReference; fileEncoding = 4; lastKnownFileType = sourcecode.swift; path = GithubUserView.swift; sourceTree = "<group>"; };
		69CA44AD2B804E6300E0100E /* QiittaView.swift */ = {isa = PBXFileReference; fileEncoding = 4; lastKnownFileType = sourcecode.swift; path = QiittaView.swift; sourceTree = "<group>"; };
		69CA44AE2B804E6300E0100E /* SateiView.swift */ = {isa = PBXFileReference; fileEncoding = 4; lastKnownFileType = sourcecode.swift; path = SateiView.swift; sourceTree = "<group>"; };
		69CA44B02B804E6300E0100E /* GitHubUser.swift */ = {isa = PBXFileReference; fileEncoding = 4; lastKnownFileType = sourcecode.swift; path = GitHubUser.swift; sourceTree = "<group>"; };
		69CA44B12B804E6300E0100E /* Satei.swift */ = {isa = PBXFileReference; fileEncoding = 4; lastKnownFileType = sourcecode.swift; path = Satei.swift; sourceTree = "<group>"; };
		69CA44B22B804E6300E0100E /* Article.swift */ = {isa = PBXFileReference; fileEncoding = 4; lastKnownFileType = sourcecode.swift; path = Article.swift; sourceTree = "<group>"; };
		69CA44B32B804E6300E0100E /* QittaUser.swift */ = {isa = PBXFileReference; fileEncoding = 4; lastKnownFileType = sourcecode.swift; path = QittaUser.swift; sourceTree = "<group>"; };
		69CA44B52B804E6300E0100E /* AsAf.swift */ = {isa = PBXFileReference; fileEncoding = 4; lastKnownFileType = sourcecode.swift; path = AsAf.swift; sourceTree = "<group>"; };
		69CA44B62B804E6300E0100E /* Util.swift */ = {isa = PBXFileReference; fileEncoding = 4; lastKnownFileType = sourcecode.swift; path = Util.swift; sourceTree = "<group>"; };
		69CA44B82B804E6300E0100E /* SateiiViewModel.swift */ = {isa = PBXFileReference; fileEncoding = 4; lastKnownFileType = sourcecode.swift; path = SateiiViewModel.swift; sourceTree = "<group>"; };
		69CA44B92B804E6300E0100E /* ArticleViewModel.swift */ = {isa = PBXFileReference; fileEncoding = 4; lastKnownFileType = sourcecode.swift; path = ArticleViewModel.swift; sourceTree = "<group>"; };
		69CA44BC2B804E6300E0100E /* mockEventsData.swift */ = {isa = PBXFileReference; fileEncoding = 4; lastKnownFileType = sourcecode.swift; path = mockEventsData.swift; sourceTree = "<group>"; };
		69CA44BE2B804E6300E0100E /* TopListViewModel.swift */ = {isa = PBXFileReference; fileEncoding = 4; lastKnownFileType = sourcecode.swift; path = TopListViewModel.swift; sourceTree = "<group>"; };
		69CA44C02B804E6300E0100E /* StudyGroup.swift */ = {isa = PBXFileReference; fileEncoding = 4; lastKnownFileType = sourcecode.swift; path = StudyGroup.swift; sourceTree = "<group>"; };
		69CA44C12B804E6300E0100E /* Event.swift */ = {isa = PBXFileReference; fileEncoding = 4; lastKnownFileType = sourcecode.swift; path = Event.swift; sourceTree = "<group>"; };
		69CA44C32B804E6300E0100E /* TopListView.swift */ = {isa = PBXFileReference; fileEncoding = 4; lastKnownFileType = sourcecode.swift; path = TopListView.swift; sourceTree = "<group>"; };
		69CA44C42B804E6300E0100E /* EventRowView.swift */ = {isa = PBXFileReference; fileEncoding = 4; lastKnownFileType = sourcecode.swift; path = EventRowView.swift; sourceTree = "<group>"; };
		69CA44D82B80502300E0100E /* .gitignore */ = {isa = PBXFileReference; lastKnownFileType = text; path = .gitignore; sourceTree = "<group>"; };
		69CEC4CB2B85B3AC006715E7 /* LoginView.swift */ = {isa = PBXFileReference; lastKnownFileType = sourcecode.swift; path = LoginView.swift; sourceTree = "<group>"; };
		69D363CB2A5A3C7900A14065 /* Landmark.swift */ = {isa = PBXFileReference; fileEncoding = 4; lastKnownFileType = sourcecode.swift; path = Landmark.swift; sourceTree = "<group>"; };
		69D363CD2A5A3C9100A14065 /* LandmarkRow.swift */ = {isa = PBXFileReference; fileEncoding = 4; lastKnownFileType = sourcecode.swift; path = LandmarkRow.swift; sourceTree = "<group>"; };
		69D363D02A5A3CD100A14065 /* landmarkData.json */ = {isa = PBXFileReference; fileEncoding = 4; lastKnownFileType = text.json; path = landmarkData.json; sourceTree = "<group>"; };
		69D363D22A5A3D2200A14065 /* ModelData.swift */ = {isa = PBXFileReference; fileEncoding = 4; lastKnownFileType = sourcecode.swift; path = ModelData.swift; sourceTree = "<group>"; };
		69D363D52A5A3D6F00A14065 /* CircleImage.swift */ = {isa = PBXFileReference; fileEncoding = 4; lastKnownFileType = sourcecode.swift; path = CircleImage.swift; sourceTree = "<group>"; };
		69D363D72A5A3EC500A14065 /* MapView.swift */ = {isa = PBXFileReference; fileEncoding = 4; lastKnownFileType = sourcecode.swift; path = MapView.swift; sourceTree = "<group>"; };
		69D363D92A5A3EE500A14065 /* LandmarksView.swift */ = {isa = PBXFileReference; fileEncoding = 4; lastKnownFileType = sourcecode.swift; path = LandmarksView.swift; sourceTree = "<group>"; };
		69D363DB2A5A408C00A14065 /* LandmarkList.swift */ = {isa = PBXFileReference; lastKnownFileType = sourcecode.swift; path = LandmarkList.swift; sourceTree = "<group>"; };
		69D363DD2A5A451E00A14065 /* LandmarkDetail.swift */ = {isa = PBXFileReference; lastKnownFileType = sourcecode.swift; path = LandmarkDetail.swift; sourceTree = "<group>"; };
		69DE73972A66D36D003865D3 /* BindExtension.swift */ = {isa = PBXFileReference; fileEncoding = 4; lastKnownFileType = sourcecode.swift; path = BindExtension.swift; sourceTree = "<group>"; };
		69DE739C2A67803C003865D3 /* RestaurantView.swift */ = {isa = PBXFileReference; fileEncoding = 4; lastKnownFileType = sourcecode.swift; path = RestaurantView.swift; sourceTree = "<group>"; };
		69DE739E2A678055003865D3 /* TodoListView.swift */ = {isa = PBXFileReference; fileEncoding = 4; lastKnownFileType = sourcecode.swift; path = TodoListView.swift; sourceTree = "<group>"; };
		69DE73A22A67810E003865D3 /* WeSplit.swift */ = {isa = PBXFileReference; fileEncoding = 4; lastKnownFileType = sourcecode.swift; path = WeSplit.swift; sourceTree = "<group>"; };
		69DE73A42A67811E003865D3 /* GuessTheFlag.swift */ = {isa = PBXFileReference; fileEncoding = 4; lastKnownFileType = sourcecode.swift; path = GuessTheFlag.swift; sourceTree = "<group>"; };
		69DE73A62A678131003865D3 /* GuessTheFlagComplete.swift */ = {isa = PBXFileReference; fileEncoding = 4; lastKnownFileType = sourcecode.swift; path = GuessTheFlagComplete.swift; sourceTree = "<group>"; };
		69E03BAF2B82DE1A00E00889 /* CounterView.swift */ = {isa = PBXFileReference; lastKnownFileType = sourcecode.swift; path = CounterView.swift; sourceTree = "<group>"; };
		69EB75782B80A2BC00499183 /* SP500View.swift */ = {isa = PBXFileReference; lastKnownFileType = sourcecode.swift; path = SP500View.swift; sourceTree = "<group>"; };
		69EE08772B7F0E4F00A9EB9C /* TaxCalcView.swift */ = {isa = PBXFileReference; lastKnownFileType = sourcecode.swift; path = TaxCalcView.swift; sourceTree = "<group>"; };
		69FB484F2A5E364700F6448F /* BottomView.swift */ = {isa = PBXFileReference; fileEncoding = 4; lastKnownFileType = sourcecode.swift; path = BottomView.swift; sourceTree = "<group>"; };
		69FB48512A5E367200F6448F /* ViewExtension.swift */ = {isa = PBXFileReference; fileEncoding = 4; lastKnownFileType = sourcecode.swift; path = ViewExtension.swift; sourceTree = "<group>"; };
		69FB48542A5E36A000F6448F /* BottomButtonModifier.swift */ = {isa = PBXFileReference; fileEncoding = 4; lastKnownFileType = sourcecode.swift; path = BottomButtonModifier.swift; sourceTree = "<group>"; };
		69FB48562A5E3A8900F6448F /* HomeView.swift */ = {isa = PBXFileReference; fileEncoding = 4; lastKnownFileType = sourcecode.swift; path = HomeView.swift; sourceTree = "<group>"; };
		69FB48592A5F7B6A00F6448F /* Utis.swift */ = {isa = PBXFileReference; lastKnownFileType = sourcecode.swift; path = Utis.swift; sourceTree = "<group>"; };
		69FB485B2A5F7C1600F6448F /* NumberView.swift */ = {isa = PBXFileReference; lastKnownFileType = sourcecode.swift; path = NumberView.swift; sourceTree = "<group>"; };
		69FB485D2A5F831A00F6448F /* FormView.swift */ = {isa = PBXFileReference; lastKnownFileType = sourcecode.swift; path = FormView.swift; sourceTree = "<group>"; };
		69FB48622A5F9B3200F6448F /* ListView.swift */ = {isa = PBXFileReference; lastKnownFileType = sourcecode.swift; path = ListView.swift; sourceTree = "<group>"; };
		69FC053D2A5ABA5600A8AC2D /* Task3View.swift */ = {isa = PBXFileReference; fileEncoding = 4; lastKnownFileType = sourcecode.swift; path = Task3View.swift; sourceTree = "<group>"; };
		69FC053F2A5ABAD700A8AC2D /* Task4View.swift */ = {isa = PBXFileReference; fileEncoding = 4; lastKnownFileType = sourcecode.swift; path = Task4View.swift; sourceTree = "<group>"; };
		69FC05412A5ABB4D00A8AC2D /* Task5View.swift */ = {isa = PBXFileReference; fileEncoding = 4; lastKnownFileType = sourcecode.swift; path = Task5View.swift; sourceTree = "<group>"; };
		69FC05432A5ABC5600A8AC2D /* TaskMenuView.swift */ = {isa = PBXFileReference; lastKnownFileType = sourcecode.swift; path = TaskMenuView.swift; sourceTree = "<group>"; };
		69FC05452A5ABCBF00A8AC2D /* Task1View.swift */ = {isa = PBXFileReference; lastKnownFileType = sourcecode.swift; path = Task1View.swift; sourceTree = "<group>"; };
		69FC05472A5AE36A00A8AC2D /* Task2View.swift */ = {isa = PBXFileReference; lastKnownFileType = sourcecode.swift; path = Task2View.swift; sourceTree = "<group>"; };
/* End PBXFileReference section */

/* Begin PBXFrameworksBuildPhase section */
		695BD1032A58F618001479C3 /* Frameworks */ = {
			isa = PBXFrameworksBuildPhase;
			buildActionMask = 2147483647;
			files = (
				69EB75732B809EA500499183 /* Alamofire in Frameworks */,
				69EB75762B809EE600499183 /* SwiftSoup in Frameworks */,
			);
			runOnlyForDeploymentPostprocessing = 0;
		};
		695BD1132A58F61A001479C3 /* Frameworks */ = {
			isa = PBXFrameworksBuildPhase;
			buildActionMask = 2147483647;
			files = (
			);
			runOnlyForDeploymentPostprocessing = 0;
		};
		695BD11D2A58F61A001479C3 /* Frameworks */ = {
			isa = PBXFrameworksBuildPhase;
			buildActionMask = 2147483647;
			files = (
			);
			runOnlyForDeploymentPostprocessing = 0;
		};
/* End PBXFrameworksBuildPhase section */

/* Begin PBXGroup section */
		6942FB282A5B8B43004A3B5B /* Models */ = {
			isa = PBXGroup;
			children = (
				69A2B5452A5CDC4700AC658C /* GeneralModel.swift */,
			);
			path = Models;
			sourceTree = "<group>";
		};
		6942FB332A5B9876004A3B5B /* PropertyWrappers */ = {
			isa = PBXGroup;
			children = (
				6942FB352A5B9AB6004A3B5B /* Models */,
				6942FB342A5B9889004A3B5B /* Views */,
			);
			path = PropertyWrappers;
			sourceTree = "<group>";
		};
		6942FB342A5B9889004A3B5B /* Views */ = {
			isa = PBXGroup;
			children = (
				695BD1352A58FD1E001479C3 /* ClassView.swift */,
				695BD1332A58FD03001479C3 /* StructView.swift */,
				6942FB382A5B9BBE004A3B5B /* HierarchicalStructure.swift */,
				69C088C92A622E7800C526BD /* ObservedObjectView.swift */,
				69C088CD2A623E5C00C526BD /* ObservedOrStateView.swift */,
				69C088CB2A62398000C526BD /* StateObjectView.swift */,
			);
			path = Views;
			sourceTree = "<group>";
		};
		6942FB352A5B9AB6004A3B5B /* Models */ = {
			isa = PBXGroup;
			children = (
				6942FB362A5B9ACF004A3B5B /* ClassModel.swift */,
				69C088C52A62278400C526BD /* StructModel.swift */,
			);
			path = Models;
			sourceTree = "<group>";
		};
		694B62FA2A5E33EF00890C2F /* Tinder */ = {
			isa = PBXGroup;
			children = (
				694B62FE2A5E347000890C2F /* Utils */,
				694B62FB2A5E340E00890C2F /* Views */,
			);
			path = Tinder;
			sourceTree = "<group>";
		};
		694B62FB2A5E340E00890C2F /* Views */ = {
			isa = PBXGroup;
			children = (
				694B62FC2A5E344600890C2F /* TopView.swift */,
				69FB48562A5E3A8900F6448F /* HomeView.swift */,
				69FB484F2A5E364700F6448F /* BottomView.swift */,
			);
			path = Views;
			sourceTree = "<group>";
		};
		694B62FE2A5E347000890C2F /* Utils */ = {
			isa = PBXGroup;
			children = (
				69FB48532A5E368800F6448F /* Modifiers */,
				694B62FF2A5E348E00890C2F /* Extensions */,
			);
			path = Utils;
			sourceTree = "<group>";
		};
		694B62FF2A5E348E00890C2F /* Extensions */ = {
			isa = PBXGroup;
			children = (
				69FB48512A5E367200F6448F /* ViewExtension.swift */,
				694B63002A5E34AE00890C2F /* ImageExtension.swift */,
			);
			path = Extensions;
			sourceTree = "<group>";
		};
		695BD0FD2A58F618001479C3 = {
			isa = PBXGroup;
			children = (
				69CA44D82B80502300E0100E /* .gitignore */,
				695BD1082A58F618001479C3 /* SwiftUI-Study-2023 */,
				695BD1192A58F61A001479C3 /* SwiftUI-Study-2023Tests */,
				695BD1232A58F61A001479C3 /* SwiftUI-Study-2023UITests */,
				695BD1072A58F618001479C3 /* Products */,
			);
			sourceTree = "<group>";
		};
		695BD1072A58F618001479C3 /* Products */ = {
			isa = PBXGroup;
			children = (
				695BD1062A58F618001479C3 /* SwiftUI-Study-2023.app */,
				695BD1162A58F61A001479C3 /* SwiftUI-Study-2023Tests.xctest */,
				695BD1202A58F61A001479C3 /* SwiftUI-Study-2023UITests.xctest */,
			);
			name = Products;
			sourceTree = "<group>";
		};
		695BD1082A58F618001479C3 /* SwiftUI-Study-2023 */ = {
			isa = PBXGroup;
			children = (
				69CEC4CA2B85B395006715E7 /* Youtube */,
				69EB75772B80A2A600499183 /* self-made */,
				69CA44D62B804EA900E0100E /* SatoRiku */,
				69CA44AA2B804E0800E0100E /* Fetch */,
				69DE73A02A6780D6003865D3 /* 1000Days */,
				69DE73952A66D342003865D3 /* Design */,
				6942FB332A5B9876004A3B5B /* PropertyWrappers */,
				695BD10B2A58F618001479C3 /* ContentView.swift */,
				69C088B52A60DDA800C526BD /* Layouts */,
				69FB48582A5F7A4000F6448F /* Fields */,
				694B62FA2A5E33EF00890C2F /* Tinder */,
				69FC053C2A5ABA2F00A8AC2D /* Tasks */,
				69D363C92A5A3C2300A14065 /* Landmarks */,
				695BD1092A58F618001479C3 /* SwiftUI_Study_2023App.swift */,
				695BD10D2A58F61A001479C3 /* Assets.xcassets */,
				695BD10F2A58F61A001479C3 /* Preview Content */,
				69A2B54C2A5D602800AC658C /* MainMenuView.swift */,
			);
			path = "SwiftUI-Study-2023";
			sourceTree = "<group>";
		};
		695BD10F2A58F61A001479C3 /* Preview Content */ = {
			isa = PBXGroup;
			children = (
				695BD1102A58F61A001479C3 /* Preview Assets.xcassets */,
			);
			path = "Preview Content";
			sourceTree = "<group>";
		};
		695BD1192A58F61A001479C3 /* SwiftUI-Study-2023Tests */ = {
			isa = PBXGroup;
			children = (
				695BD11A2A58F61A001479C3 /* SwiftUI_Study_2023Tests.swift */,
				693CE15D2A59789F00F09F30 /* FetchTest.swift */,
			);
			path = "SwiftUI-Study-2023Tests";
			sourceTree = "<group>";
		};
		695BD1232A58F61A001479C3 /* SwiftUI-Study-2023UITests */ = {
			isa = PBXGroup;
			children = (
				695BD1242A58F61A001479C3 /* SwiftUI_Study_2023UITests.swift */,
				695BD1262A58F61A001479C3 /* SwiftUI_Study_2023UITestsLaunchTests.swift */,
			);
			path = "SwiftUI-Study-2023UITests";
			sourceTree = "<group>";
		};
		69C088B52A60DDA800C526BD /* Layouts */ = {
			isa = PBXGroup;
			children = (
				69C088B62A60DDC300C526BD /* FrameView.swift */,
				69C088B82A60DDCD00C526BD /* LazyVGridView.swift */,
			);
			path = Layouts;
			sourceTree = "<group>";
		};
		69CA44AA2B804E0800E0100E /* Fetch */ = {
			isa = PBXGroup;
			children = (
				69CA44AF2B804E6300E0100E /* Models */,
				69CA44BA2B804E6300E0100E /* StudyGroup */,
				69CA44B42B804E6300E0100E /* Utils */,
				69CA44B72B804E6300E0100E /* ViewModels */,
				69CA44AB2B804E6300E0100E /* Views */,
			);
			path = Fetch;
			sourceTree = "<group>";
		};
		69CA44AB2B804E6300E0100E /* Views */ = {
			isa = PBXGroup;
			children = (
				69CA44AC2B804E6300E0100E /* GithubUserView.swift */,
				69CA44AD2B804E6300E0100E /* QiittaView.swift */,
				69CA44AE2B804E6300E0100E /* SateiView.swift */,
			);
			path = Views;
			sourceTree = "<group>";
		};
		69CA44AF2B804E6300E0100E /* Models */ = {
			isa = PBXGroup;
			children = (
				69CA44B02B804E6300E0100E /* GitHubUser.swift */,
				69CA44B12B804E6300E0100E /* Satei.swift */,
				69CA44B22B804E6300E0100E /* Article.swift */,
				69CA44B32B804E6300E0100E /* QittaUser.swift */,
			);
			path = Models;
			sourceTree = "<group>";
		};
		69CA44B42B804E6300E0100E /* Utils */ = {
			isa = PBXGroup;
			children = (
				69CA44B52B804E6300E0100E /* AsAf.swift */,
				69CA44B62B804E6300E0100E /* Util.swift */,
			);
			path = Utils;
			sourceTree = "<group>";
		};
		69CA44B72B804E6300E0100E /* ViewModels */ = {
			isa = PBXGroup;
			children = (
				69CA44B82B804E6300E0100E /* SateiiViewModel.swift */,
				69CA44B92B804E6300E0100E /* ArticleViewModel.swift */,
			);
			path = ViewModels;
			sourceTree = "<group>";
		};
		69CA44BA2B804E6300E0100E /* StudyGroup */ = {
			isa = PBXGroup;
			children = (
				69CA44BB2B804E6300E0100E /* Mocks */,
				69CA44BD2B804E6300E0100E /* ViewModels */,
				69CA44BF2B804E6300E0100E /* Models */,
				69CA44C22B804E6300E0100E /* Views */,
			);
			path = StudyGroup;
			sourceTree = "<group>";
		};
		69CA44BB2B804E6300E0100E /* Mocks */ = {
			isa = PBXGroup;
			children = (
				69CA44BC2B804E6300E0100E /* mockEventsData.swift */,
			);
			path = Mocks;
			sourceTree = "<group>";
		};
		69CA44BD2B804E6300E0100E /* ViewModels */ = {
			isa = PBXGroup;
			children = (
				69CA44BE2B804E6300E0100E /* TopListViewModel.swift */,
			);
			path = ViewModels;
			sourceTree = "<group>";
		};
		69CA44BF2B804E6300E0100E /* Models */ = {
			isa = PBXGroup;
			children = (
				69CA44C02B804E6300E0100E /* StudyGroup.swift */,
				69CA44C12B804E6300E0100E /* Event.swift */,
			);
			path = Models;
			sourceTree = "<group>";
		};
		69CA44C22B804E6300E0100E /* Views */ = {
			isa = PBXGroup;
			children = (
				69CA44C32B804E6300E0100E /* TopListView.swift */,
				69CA44C42B804E6300E0100E /* EventRowView.swift */,
			);
			path = Views;
			sourceTree = "<group>";
		};
		69CA44D62B804EA900E0100E /* SatoRiku */ = {
			isa = PBXGroup;
			children = (
				69ABF0622B7DD31F008B8DC5 /* FaceView.swift */,
				69EE08772B7F0E4F00A9EB9C /* TaxCalcView.swift */,
				697184B92B8066CA00AC0A49 /* DiceView.swift */,
				699FFF582B81C8180096FC7E /* ScreenTransitionView.swift */,
				69E03BAF2B82DE1A00E00889 /* CounterView.swift */,
				6979119F2B8369E900A69F45 /* AlertDialogView.swift */,
			);
			path = SatoRiku;
			sourceTree = "<group>";
		};
		69CEC4CA2B85B395006715E7 /* Youtube */ = {
			isa = PBXGroup;
			children = (
				69CEC4CB2B85B3AC006715E7 /* LoginView.swift */,
			);
			path = Youtube;
			sourceTree = "<group>";
		};
		69D363C92A5A3C2300A14065 /* Landmarks */ = {
			isa = PBXGroup;
			children = (
				69D363D42A5A3D5200A14065 /* Views */,
				69D363CF2A5A3CC100A14065 /* Resources */,
				69D363CA2A5A3C5E00A14065 /* Models */,
			);
			path = Landmarks;
			sourceTree = "<group>";
		};
		69D363CA2A5A3C5E00A14065 /* Models */ = {
			isa = PBXGroup;
			children = (
				69D363CB2A5A3C7900A14065 /* Landmark.swift */,
				69D363D92A5A3EE500A14065 /* LandmarksView.swift */,
				69D363D22A5A3D2200A14065 /* ModelData.swift */,
				69D363CD2A5A3C9100A14065 /* LandmarkRow.swift */,
			);
			path = Models;
			sourceTree = "<group>";
		};
		69D363CF2A5A3CC100A14065 /* Resources */ = {
			isa = PBXGroup;
			children = (
				69D363D02A5A3CD100A14065 /* landmarkData.json */,
			);
			path = Resources;
			sourceTree = "<group>";
		};
		69D363D42A5A3D5200A14065 /* Views */ = {
			isa = PBXGroup;
			children = (
				69D363D52A5A3D6F00A14065 /* CircleImage.swift */,
				69D363DD2A5A451E00A14065 /* LandmarkDetail.swift */,
				69D363D72A5A3EC500A14065 /* MapView.swift */,
				69ABF0642B7DE96A008B8DC5 /* Map2View.swift */,
				69D363DB2A5A408C00A14065 /* LandmarkList.swift */,
			);
			path = Views;
			sourceTree = "<group>";
		};
		69DE73952A66D342003865D3 /* Design */ = {
			isa = PBXGroup;
			children = (
				69DE739B2A67802B003865D3 /* Views */,
				69DE73962A66D358003865D3 /* Extension */,
			);
			path = Design;
			sourceTree = "<group>";
		};
		69DE73962A66D358003865D3 /* Extension */ = {
			isa = PBXGroup;
			children = (
				69DE73972A66D36D003865D3 /* BindExtension.swift */,
			);
			path = Extension;
			sourceTree = "<group>";
		};
		69DE739B2A67802B003865D3 /* Views */ = {
			isa = PBXGroup;
			children = (
				69DE739C2A67803C003865D3 /* RestaurantView.swift */,
				69DE739E2A678055003865D3 /* TodoListView.swift */,
			);
			path = Views;
			sourceTree = "<group>";
		};
		69DE73A02A6780D6003865D3 /* 1000Days */ = {
			isa = PBXGroup;
			children = (
				69DE73A12A6780ED003865D3 /* Views */,
			);
			path = 1000Days;
			sourceTree = "<group>";
		};
		69DE73A12A6780ED003865D3 /* Views */ = {
			isa = PBXGroup;
			children = (
				69DE73A22A67810E003865D3 /* WeSplit.swift */,
				69DE73A42A67811E003865D3 /* GuessTheFlag.swift */,
				69DE73A62A678131003865D3 /* GuessTheFlagComplete.swift */,
			);
			path = Views;
			sourceTree = "<group>";
		};
		69EB75772B80A2A600499183 /* self-made */ = {
			isa = PBXGroup;
			children = (
				69EB75782B80A2BC00499183 /* SP500View.swift */,
			);
			path = "self-made";
			sourceTree = "<group>";
		};
		69FB48532A5E368800F6448F /* Modifiers */ = {
			isa = PBXGroup;
			children = (
				69FB48542A5E36A000F6448F /* BottomButtonModifier.swift */,
			);
			path = Modifiers;
			sourceTree = "<group>";
		};
		69FB48582A5F7A4000F6448F /* Fields */ = {
			isa = PBXGroup;
			children = (
				69C088B32A60DD2E00C526BD /* TableView.swift */,
				69C088B12A60DD2800C526BD /* TextFieldView.swift */,
				69FB48592A5F7B6A00F6448F /* Utis.swift */,
				69FB485B2A5F7C1600F6448F /* NumberView.swift */,
				69FB485D2A5F831A00F6448F /* FormView.swift */,
				69FB48622A5F9B3200F6448F /* ListView.swift */,
			);
			path = Fields;
			sourceTree = "<group>";
		};
		69FC053C2A5ABA2F00A8AC2D /* Tasks */ = {
			isa = PBXGroup;
			children = (
				6942FB2F2A5B9579004A3B5B /* Utils.swift */,
				6942FB282A5B8B43004A3B5B /* Models */,
				69FC05452A5ABCBF00A8AC2D /* Task1View.swift */,
				6942FB2B2A5B8BDA004A3B5B /* GeneraView.swift */,
				69FC05432A5ABC5600A8AC2D /* TaskMenuView.swift */,
				69FC05472A5AE36A00A8AC2D /* Task2View.swift */,
				69FC053D2A5ABA5600A8AC2D /* Task3View.swift */,
				69FC053F2A5ABAD700A8AC2D /* Task4View.swift */,
				69FC05412A5ABB4D00A8AC2D /* Task5View.swift */,
				6942FB262A5B8AB0004A3B5B /* Task6View.swift */,
				6942FB2D2A5B94CB004A3B5B /* Task7View.swift */,
				6942FB312A5B95EE004A3B5B /* Task8View.swift */,
				6942FB3A2A5BF236004A3B5B /* Task9View.swift */,
				6942FB3C2A5BF2A4004A3B5B /* Task10View.swift */,
				69A2B5362A5CD36C00AC658C /* Task11View.swift */,
				69A2B53B2A5CD55600AC658C /* Task12View.swift */,
				69A2B53F2A5CD71800AC658C /* Task13View.swift */,
				69A2B5412A5CDB7A00AC658C /* Task14View.swift */,
				69A2B5472A5CEBBE00AC658C /* Task15View.swift */,
			);
			path = Tasks;
			sourceTree = "<group>";
		};
/* End PBXGroup section */

/* Begin PBXNativeTarget section */
		695BD1052A58F618001479C3 /* SwiftUI-Study-2023 */ = {
			isa = PBXNativeTarget;
			buildConfigurationList = 695BD12A2A58F61A001479C3 /* Build configuration list for PBXNativeTarget "SwiftUI-Study-2023" */;
			buildPhases = (
				695BD1022A58F618001479C3 /* Sources */,
				695BD1032A58F618001479C3 /* Frameworks */,
				695BD1042A58F618001479C3 /* Resources */,
			);
			buildRules = (
			);
			dependencies = (
			);
			name = "SwiftUI-Study-2023";
			packageProductDependencies = (
				69EB75722B809EA500499183 /* Alamofire */,
				69EB75752B809EE600499183 /* SwiftSoup */,
			);
			productName = "SwiftUI-Study-2023";
			productReference = 695BD1062A58F618001479C3 /* SwiftUI-Study-2023.app */;
			productType = "com.apple.product-type.application";
		};
		695BD1152A58F61A001479C3 /* SwiftUI-Study-2023Tests */ = {
			isa = PBXNativeTarget;
			buildConfigurationList = 695BD12D2A58F61A001479C3 /* Build configuration list for PBXNativeTarget "SwiftUI-Study-2023Tests" */;
			buildPhases = (
				695BD1122A58F61A001479C3 /* Sources */,
				695BD1132A58F61A001479C3 /* Frameworks */,
				695BD1142A58F61A001479C3 /* Resources */,
			);
			buildRules = (
			);
			dependencies = (
				695BD1182A58F61A001479C3 /* PBXTargetDependency */,
			);
			name = "SwiftUI-Study-2023Tests";
			productName = "SwiftUI-Study-2023Tests";
			productReference = 695BD1162A58F61A001479C3 /* SwiftUI-Study-2023Tests.xctest */;
			productType = "com.apple.product-type.bundle.unit-test";
		};
		695BD11F2A58F61A001479C3 /* SwiftUI-Study-2023UITests */ = {
			isa = PBXNativeTarget;
			buildConfigurationList = 695BD1302A58F61A001479C3 /* Build configuration list for PBXNativeTarget "SwiftUI-Study-2023UITests" */;
			buildPhases = (
				695BD11C2A58F61A001479C3 /* Sources */,
				695BD11D2A58F61A001479C3 /* Frameworks */,
				695BD11E2A58F61A001479C3 /* Resources */,
			);
			buildRules = (
			);
			dependencies = (
				695BD1222A58F61A001479C3 /* PBXTargetDependency */,
			);
			name = "SwiftUI-Study-2023UITests";
			productName = "SwiftUI-Study-2023UITests";
			productReference = 695BD1202A58F61A001479C3 /* SwiftUI-Study-2023UITests.xctest */;
			productType = "com.apple.product-type.bundle.ui-testing";
		};
/* End PBXNativeTarget section */

/* Begin PBXProject section */
		695BD0FE2A58F618001479C3 /* Project object */ = {
			isa = PBXProject;
			attributes = {
				BuildIndependentTargetsInParallel = 1;
				LastSwiftUpdateCheck = 1430;
				LastUpgradeCheck = 1520;
				TargetAttributes = {
					695BD1052A58F618001479C3 = {
						CreatedOnToolsVersion = 14.3.1;
					};
					695BD1152A58F61A001479C3 = {
						CreatedOnToolsVersion = 14.3.1;
						TestTargetID = 695BD1052A58F618001479C3;
					};
					695BD11F2A58F61A001479C3 = {
						CreatedOnToolsVersion = 14.3.1;
						TestTargetID = 695BD1052A58F618001479C3;
					};
				};
			};
			buildConfigurationList = 695BD1012A58F618001479C3 /* Build configuration list for PBXProject "SwiftUI-Study-2023" */;
			compatibilityVersion = "Xcode 14.0";
			developmentRegion = ja;
			hasScannedForEncodings = 0;
			knownRegions = (
				en,
				Base,
				ja,
			);
			mainGroup = 695BD0FD2A58F618001479C3;
			packageReferences = (
				69EB75712B809EA500499183 /* XCRemoteSwiftPackageReference "Alamofire" */,
				69EB75742B809EE600499183 /* XCRemoteSwiftPackageReference "SwiftSoup" */,
			);
			productRefGroup = 695BD1072A58F618001479C3 /* Products */;
			projectDirPath = "";
			projectRoot = "";
			targets = (
				695BD1052A58F618001479C3 /* SwiftUI-Study-2023 */,
				695BD1152A58F61A001479C3 /* SwiftUI-Study-2023Tests */,
				695BD11F2A58F61A001479C3 /* SwiftUI-Study-2023UITests */,
			);
		};
/* End PBXProject section */

/* Begin PBXResourcesBuildPhase section */
		695BD1042A58F618001479C3 /* Resources */ = {
			isa = PBXResourcesBuildPhase;
			buildActionMask = 2147483647;
			files = (
				69CA44D92B80502300E0100E /* .gitignore in Resources */,
				695BD1112A58F61A001479C3 /* Preview Assets.xcassets in Resources */,
				695BD10E2A58F61A001479C3 /* Assets.xcassets in Resources */,
				69D363D12A5A3CD100A14065 /* landmarkData.json in Resources */,
			);
			runOnlyForDeploymentPostprocessing = 0;
		};
		695BD1142A58F61A001479C3 /* Resources */ = {
			isa = PBXResourcesBuildPhase;
			buildActionMask = 2147483647;
			files = (
			);
			runOnlyForDeploymentPostprocessing = 0;
		};
		695BD11E2A58F61A001479C3 /* Resources */ = {
			isa = PBXResourcesBuildPhase;
			buildActionMask = 2147483647;
			files = (
			);
			runOnlyForDeploymentPostprocessing = 0;
		};
/* End PBXResourcesBuildPhase section */

/* Begin PBXSourcesBuildPhase section */
		695BD1022A58F618001479C3 /* Sources */ = {
			isa = PBXSourcesBuildPhase;
			buildActionMask = 2147483647;
			files = (
				6942FB322A5B95EE004A3B5B /* Task8View.swift in Sources */,
				69C088C62A62278400C526BD /* StructModel.swift in Sources */,
				697184BA2B8066CA00AC0A49 /* DiceView.swift in Sources */,
				69CA44CC2B804E6300E0100E /* AsAf.swift in Sources */,
				69CA44D02B804E6300E0100E /* mockEventsData.swift in Sources */,
				69CA44C92B804E6300E0100E /* Satei.swift in Sources */,
				694B63012A5E34AE00890C2F /* ImageExtension.swift in Sources */,
				69CA44D52B804E6300E0100E /* EventRowView.swift in Sources */,
				69DE73982A66D36D003865D3 /* BindExtension.swift in Sources */,
				69D363CC2A5A3C7900A14065 /* Landmark.swift in Sources */,
				695BD10C2A58F618001479C3 /* ContentView.swift in Sources */,
				6942FB3D2A5BF2A4004A3B5B /* Task10View.swift in Sources */,
				6942FB2C2A5B8BDA004A3B5B /* GeneraView.swift in Sources */,
				69FC05402A5ABAD700A8AC2D /* Task4View.swift in Sources */,
				69DE73A72A678131003865D3 /* GuessTheFlagComplete.swift in Sources */,
				6942FB302A5B9579004A3B5B /* Utils.swift in Sources */,
				69CA44C62B804E6300E0100E /* QiittaView.swift in Sources */,
				69D363DA2A5A3EE500A14065 /* LandmarksView.swift in Sources */,
				69D363D32A5A3D2200A14065 /* ModelData.swift in Sources */,
				69C088CE2A623E5C00C526BD /* ObservedOrStateView.swift in Sources */,
				69D363DC2A5A408C00A14065 /* LandmarkList.swift in Sources */,
				6942FB392A5B9BBE004A3B5B /* HierarchicalStructure.swift in Sources */,
				69D363D82A5A3EC500A14065 /* MapView.swift in Sources */,
				69C088B42A60DD2E00C526BD /* TableView.swift in Sources */,
				69DE73A52A67811F003865D3 /* GuessTheFlag.swift in Sources */,
				69DE739D2A67803C003865D3 /* RestaurantView.swift in Sources */,
				694B62FD2A5E344600890C2F /* TopView.swift in Sources */,
				69C088B92A60DDCD00C526BD /* LazyVGridView.swift in Sources */,
				69FB48522A5E367200F6448F /* ViewExtension.swift in Sources */,
				69CA44C82B804E6300E0100E /* GitHubUser.swift in Sources */,
				69FB48572A5E3A8A00F6448F /* HomeView.swift in Sources */,
				6942FB272A5B8AB0004A3B5B /* Task6View.swift in Sources */,
				69A2B5402A5CD71800AC658C /* Task13View.swift in Sources */,
				69C088CC2A62398000C526BD /* StateObjectView.swift in Sources */,
				6942FB372A5B9ACF004A3B5B /* ClassModel.swift in Sources */,
				69A2B5372A5CD36C00AC658C /* Task11View.swift in Sources */,
				69CA44CF2B804E6300E0100E /* ArticleViewModel.swift in Sources */,
				69FB48502A5E364700F6448F /* BottomView.swift in Sources */,
				69FC05422A5ABB4D00A8AC2D /* Task5View.swift in Sources */,
				69C088B22A60DD2800C526BD /* TextFieldView.swift in Sources */,
				69CA44C52B804E6300E0100E /* GithubUserView.swift in Sources */,
				69A2B5462A5CDC4700AC658C /* GeneralModel.swift in Sources */,
				69D363DE2A5A451E00A14065 /* LandmarkDetail.swift in Sources */,
				69C088B72A60DDC300C526BD /* FrameView.swift in Sources */,
				69FC05442A5ABC5600A8AC2D /* TaskMenuView.swift in Sources */,
				69CA44CB2B804E6300E0100E /* QittaUser.swift in Sources */,
				69EB75792B80A2BC00499183 /* SP500View.swift in Sources */,
				69CA44D32B804E6300E0100E /* Event.swift in Sources */,
				69CA44D42B804E6300E0100E /* TopListView.swift in Sources */,
				69ABF0652B7DE96A008B8DC5 /* Map2View.swift in Sources */,
				695BD10A2A58F618001479C3 /* SwiftUI_Study_2023App.swift in Sources */,
				69CA44CE2B804E6300E0100E /* SateiiViewModel.swift in Sources */,
				695BD1342A58FD03001479C3 /* StructView.swift in Sources */,
				69DE73A32A67810E003865D3 /* WeSplit.swift in Sources */,
				69FC053E2A5ABA5600A8AC2D /* Task3View.swift in Sources */,
				69FB48632A5F9B3200F6448F /* ListView.swift in Sources */,
				69ABF0632B7DD31F008B8DC5 /* FaceView.swift in Sources */,
				69CA44CA2B804E6300E0100E /* Article.swift in Sources */,
				69FB48552A5E36A000F6448F /* BottomButtonModifier.swift in Sources */,
				69FB485C2A5F7C1600F6448F /* NumberView.swift in Sources */,
				69DE739F2A678055003865D3 /* TodoListView.swift in Sources */,
				699FFF592B81C8180096FC7E /* ScreenTransitionView.swift in Sources */,
				69D363CE2A5A3C9100A14065 /* LandmarkRow.swift in Sources */,
				69FC05462A5ABCBF00A8AC2D /* Task1View.swift in Sources */,
				69A2B53C2A5CD55600AC658C /* Task12View.swift in Sources */,
				69A2B5482A5CEBBE00AC658C /* Task15View.swift in Sources */,
				69CA44D22B804E6300E0100E /* StudyGroup.swift in Sources */,
				695BD1362A58FD1E001479C3 /* ClassView.swift in Sources */,
				69C088CA2A622E7800C526BD /* ObservedObjectView.swift in Sources */,
				69FB485A2A5F7B6A00F6448F /* Utis.swift in Sources */,
				69A2B54D2A5D602800AC658C /* MainMenuView.swift in Sources */,
				69FC05482A5AE36A00A8AC2D /* Task2View.swift in Sources */,
				69D363D62A5A3D6F00A14065 /* CircleImage.swift in Sources */,
				69CA44D12B804E6300E0100E /* TopListViewModel.swift in Sources */,
				6942FB2E2A5B94CB004A3B5B /* Task7View.swift in Sources */,
				69CA44C72B804E6300E0100E /* SateiView.swift in Sources */,
				69FB485E2A5F831A00F6448F /* FormView.swift in Sources */,
				69E03BB02B82DE1A00E00889 /* CounterView.swift in Sources */,
				69CEC4CC2B85B3AC006715E7 /* LoginView.swift in Sources */,
				69EE08782B7F0E4F00A9EB9C /* TaxCalcView.swift in Sources */,
				697911A02B8369E900A69F45 /* AlertDialogView.swift in Sources */,
				69CA44CD2B804E6300E0100E /* Util.swift in Sources */,
				69A2B5422A5CDB7A00AC658C /* Task14View.swift in Sources */,
				6942FB3B2A5BF236004A3B5B /* Task9View.swift in Sources */,
			);
			runOnlyForDeploymentPostprocessing = 0;
		};
		695BD1122A58F61A001479C3 /* Sources */ = {
			isa = PBXSourcesBuildPhase;
			buildActionMask = 2147483647;
			files = (
				693CE15E2A59789F00F09F30 /* FetchTest.swift in Sources */,
				695BD11B2A58F61A001479C3 /* SwiftUI_Study_2023Tests.swift in Sources */,
			);
			runOnlyForDeploymentPostprocessing = 0;
		};
		695BD11C2A58F61A001479C3 /* Sources */ = {
			isa = PBXSourcesBuildPhase;
			buildActionMask = 2147483647;
			files = (
				695BD1252A58F61A001479C3 /* SwiftUI_Study_2023UITests.swift in Sources */,
				695BD1272A58F61A001479C3 /* SwiftUI_Study_2023UITestsLaunchTests.swift in Sources */,
			);
			runOnlyForDeploymentPostprocessing = 0;
		};
/* End PBXSourcesBuildPhase section */

/* Begin PBXTargetDependency section */
		695BD1182A58F61A001479C3 /* PBXTargetDependency */ = {
			isa = PBXTargetDependency;
			target = 695BD1052A58F618001479C3 /* SwiftUI-Study-2023 */;
			targetProxy = 695BD1172A58F61A001479C3 /* PBXContainerItemProxy */;
		};
		695BD1222A58F61A001479C3 /* PBXTargetDependency */ = {
			isa = PBXTargetDependency;
			target = 695BD1052A58F618001479C3 /* SwiftUI-Study-2023 */;
			targetProxy = 695BD1212A58F61A001479C3 /* PBXContainerItemProxy */;
		};
/* End PBXTargetDependency section */

/* Begin XCBuildConfiguration section */
		695BD1282A58F61A001479C3 /* Debug */ = {
			isa = XCBuildConfiguration;
			buildSettings = {
				ALWAYS_SEARCH_USER_PATHS = NO;
				CLANG_ANALYZER_LOCALIZABILITY_NONLOCALIZED = YES;
				CLANG_ANALYZER_NONNULL = YES;
				CLANG_ANALYZER_NUMBER_OBJECT_CONVERSION = YES_AGGRESSIVE;
				CLANG_CXX_LANGUAGE_STANDARD = "gnu++20";
				CLANG_ENABLE_MODULES = YES;
				CLANG_ENABLE_OBJC_ARC = YES;
				CLANG_ENABLE_OBJC_WEAK = YES;
				CLANG_WARN_BLOCK_CAPTURE_AUTORELEASING = YES;
				CLANG_WARN_BOOL_CONVERSION = YES;
				CLANG_WARN_COMMA = YES;
				CLANG_WARN_CONSTANT_CONVERSION = YES;
				CLANG_WARN_DEPRECATED_OBJC_IMPLEMENTATIONS = YES;
				CLANG_WARN_DIRECT_OBJC_ISA_USAGE = YES_ERROR;
				CLANG_WARN_DOCUMENTATION_COMMENTS = YES;
				CLANG_WARN_EMPTY_BODY = YES;
				CLANG_WARN_ENUM_CONVERSION = YES;
				CLANG_WARN_INFINITE_RECURSION = YES;
				CLANG_WARN_INT_CONVERSION = YES;
				CLANG_WARN_NON_LITERAL_NULL_CONVERSION = YES;
				CLANG_WARN_OBJC_IMPLICIT_RETAIN_SELF = YES;
				CLANG_WARN_OBJC_LITERAL_CONVERSION = YES;
				CLANG_WARN_OBJC_ROOT_CLASS = YES_ERROR;
				CLANG_WARN_QUOTED_INCLUDE_IN_FRAMEWORK_HEADER = YES;
				CLANG_WARN_RANGE_LOOP_ANALYSIS = YES;
				CLANG_WARN_STRICT_PROTOTYPES = YES;
				CLANG_WARN_SUSPICIOUS_MOVE = YES;
				CLANG_WARN_UNGUARDED_AVAILABILITY = YES_AGGRESSIVE;
				CLANG_WARN_UNREACHABLE_CODE = YES;
				CLANG_WARN__DUPLICATE_METHOD_MATCH = YES;
				COPY_PHASE_STRIP = NO;
				DEBUG_INFORMATION_FORMAT = dwarf;
				ENABLE_STRICT_OBJC_MSGSEND = YES;
				ENABLE_TESTABILITY = YES;
				ENABLE_USER_SCRIPT_SANDBOXING = YES;
				GCC_C_LANGUAGE_STANDARD = gnu11;
				GCC_DYNAMIC_NO_PIC = NO;
				GCC_NO_COMMON_BLOCKS = YES;
				GCC_OPTIMIZATION_LEVEL = 0;
				GCC_PREPROCESSOR_DEFINITIONS = (
					"DEBUG=1",
					"$(inherited)",
				);
				GCC_WARN_64_TO_32_BIT_CONVERSION = YES;
				GCC_WARN_ABOUT_RETURN_TYPE = YES_ERROR;
				GCC_WARN_UNDECLARED_SELECTOR = YES;
				GCC_WARN_UNINITIALIZED_AUTOS = YES_AGGRESSIVE;
				GCC_WARN_UNUSED_FUNCTION = YES;
				GCC_WARN_UNUSED_VARIABLE = YES;
				IPHONEOS_DEPLOYMENT_TARGET = 16.4;
				MTL_ENABLE_DEBUG_INFO = INCLUDE_SOURCE;
				MTL_FAST_MATH = YES;
				ONLY_ACTIVE_ARCH = YES;
				SDKROOT = iphoneos;
				SWIFT_ACTIVE_COMPILATION_CONDITIONS = DEBUG;
				SWIFT_OPTIMIZATION_LEVEL = "-Onone";
			};
			name = Debug;
		};
		695BD1292A58F61A001479C3 /* Release */ = {
			isa = XCBuildConfiguration;
			buildSettings = {
				ALWAYS_SEARCH_USER_PATHS = NO;
				CLANG_ANALYZER_LOCALIZABILITY_NONLOCALIZED = YES;
				CLANG_ANALYZER_NONNULL = YES;
				CLANG_ANALYZER_NUMBER_OBJECT_CONVERSION = YES_AGGRESSIVE;
				CLANG_CXX_LANGUAGE_STANDARD = "gnu++20";
				CLANG_ENABLE_MODULES = YES;
				CLANG_ENABLE_OBJC_ARC = YES;
				CLANG_ENABLE_OBJC_WEAK = YES;
				CLANG_WARN_BLOCK_CAPTURE_AUTORELEASING = YES;
				CLANG_WARN_BOOL_CONVERSION = YES;
				CLANG_WARN_COMMA = YES;
				CLANG_WARN_CONSTANT_CONVERSION = YES;
				CLANG_WARN_DEPRECATED_OBJC_IMPLEMENTATIONS = YES;
				CLANG_WARN_DIRECT_OBJC_ISA_USAGE = YES_ERROR;
				CLANG_WARN_DOCUMENTATION_COMMENTS = YES;
				CLANG_WARN_EMPTY_BODY = YES;
				CLANG_WARN_ENUM_CONVERSION = YES;
				CLANG_WARN_INFINITE_RECURSION = YES;
				CLANG_WARN_INT_CONVERSION = YES;
				CLANG_WARN_NON_LITERAL_NULL_CONVERSION = YES;
				CLANG_WARN_OBJC_IMPLICIT_RETAIN_SELF = YES;
				CLANG_WARN_OBJC_LITERAL_CONVERSION = YES;
				CLANG_WARN_OBJC_ROOT_CLASS = YES_ERROR;
				CLANG_WARN_QUOTED_INCLUDE_IN_FRAMEWORK_HEADER = YES;
				CLANG_WARN_RANGE_LOOP_ANALYSIS = YES;
				CLANG_WARN_STRICT_PROTOTYPES = YES;
				CLANG_WARN_SUSPICIOUS_MOVE = YES;
				CLANG_WARN_UNGUARDED_AVAILABILITY = YES_AGGRESSIVE;
				CLANG_WARN_UNREACHABLE_CODE = YES;
				CLANG_WARN__DUPLICATE_METHOD_MATCH = YES;
				COPY_PHASE_STRIP = NO;
				DEBUG_INFORMATION_FORMAT = "dwarf-with-dsym";
				ENABLE_NS_ASSERTIONS = NO;
				ENABLE_STRICT_OBJC_MSGSEND = YES;
				ENABLE_USER_SCRIPT_SANDBOXING = YES;
				GCC_C_LANGUAGE_STANDARD = gnu11;
				GCC_NO_COMMON_BLOCKS = YES;
				GCC_WARN_64_TO_32_BIT_CONVERSION = YES;
				GCC_WARN_ABOUT_RETURN_TYPE = YES_ERROR;
				GCC_WARN_UNDECLARED_SELECTOR = YES;
				GCC_WARN_UNINITIALIZED_AUTOS = YES_AGGRESSIVE;
				GCC_WARN_UNUSED_FUNCTION = YES;
				GCC_WARN_UNUSED_VARIABLE = YES;
				IPHONEOS_DEPLOYMENT_TARGET = 16.4;
				MTL_ENABLE_DEBUG_INFO = NO;
				MTL_FAST_MATH = YES;
				SDKROOT = iphoneos;
				SWIFT_COMPILATION_MODE = wholemodule;
				SWIFT_OPTIMIZATION_LEVEL = "-O";
				VALIDATE_PRODUCT = YES;
			};
			name = Release;
		};
		695BD12B2A58F61A001479C3 /* Debug */ = {
			isa = XCBuildConfiguration;
			buildSettings = {
				ASSETCATALOG_COMPILER_APPICON_NAME = AppIcon;
				ASSETCATALOG_COMPILER_GLOBAL_ACCENT_COLOR_NAME = AccentColor;
				CODE_SIGN_STYLE = Automatic;
				CURRENT_PROJECT_VERSION = 1;
				DEVELOPMENT_ASSET_PATHS = "\"SwiftUI-Study-2023/Preview Content\"";
				DEVELOPMENT_TEAM = D774TE8QQ8;
				ENABLE_PREVIEWS = YES;
				GENERATE_INFOPLIST_FILE = YES;
				INFOPLIST_KEY_UIApplicationSceneManifest_Generation = YES;
				INFOPLIST_KEY_UIApplicationSupportsIndirectInputEvents = YES;
				INFOPLIST_KEY_UILaunchScreen_Generation = YES;
				INFOPLIST_KEY_UISupportedInterfaceOrientations_iPad = "UIInterfaceOrientationPortrait UIInterfaceOrientationPortraitUpsideDown UIInterfaceOrientationLandscapeLeft UIInterfaceOrientationLandscapeRight";
				INFOPLIST_KEY_UISupportedInterfaceOrientations_iPhone = "UIInterfaceOrientationPortrait UIInterfaceOrientationLandscapeLeft UIInterfaceOrientationLandscapeRight";
				LD_RUNPATH_SEARCH_PATHS = (
					"$(inherited)",
					"@executable_path/Frameworks",
				);
				MARKETING_VERSION = 1.0;
				PRODUCT_BUNDLE_IDENTIFIER = "com.hirorosoft.SwiftUI-Study-2023";
				PRODUCT_NAME = "$(TARGET_NAME)";
				SWIFT_EMIT_LOC_STRINGS = YES;
				SWIFT_VERSION = 5.0;
				TARGETED_DEVICE_FAMILY = "1,2";
			};
			name = Debug;
		};
		695BD12C2A58F61A001479C3 /* Release */ = {
			isa = XCBuildConfiguration;
			buildSettings = {
				ASSETCATALOG_COMPILER_APPICON_NAME = AppIcon;
				ASSETCATALOG_COMPILER_GLOBAL_ACCENT_COLOR_NAME = AccentColor;
				CODE_SIGN_STYLE = Automatic;
				CURRENT_PROJECT_VERSION = 1;
				DEVELOPMENT_ASSET_PATHS = "\"SwiftUI-Study-2023/Preview Content\"";
				DEVELOPMENT_TEAM = D774TE8QQ8;
				ENABLE_PREVIEWS = YES;
				GENERATE_INFOPLIST_FILE = YES;
				INFOPLIST_KEY_UIApplicationSceneManifest_Generation = YES;
				INFOPLIST_KEY_UIApplicationSupportsIndirectInputEvents = YES;
				INFOPLIST_KEY_UILaunchScreen_Generation = YES;
				INFOPLIST_KEY_UISupportedInterfaceOrientations_iPad = "UIInterfaceOrientationPortrait UIInterfaceOrientationPortraitUpsideDown UIInterfaceOrientationLandscapeLeft UIInterfaceOrientationLandscapeRight";
				INFOPLIST_KEY_UISupportedInterfaceOrientations_iPhone = "UIInterfaceOrientationPortrait UIInterfaceOrientationLandscapeLeft UIInterfaceOrientationLandscapeRight";
				LD_RUNPATH_SEARCH_PATHS = (
					"$(inherited)",
					"@executable_path/Frameworks",
				);
				MARKETING_VERSION = 1.0;
				PRODUCT_BUNDLE_IDENTIFIER = "com.hirorosoft.SwiftUI-Study-2023";
				PRODUCT_NAME = "$(TARGET_NAME)";
				SWIFT_EMIT_LOC_STRINGS = YES;
				SWIFT_VERSION = 5.0;
				TARGETED_DEVICE_FAMILY = "1,2";
			};
			name = Release;
		};
		695BD12E2A58F61A001479C3 /* Debug */ = {
			isa = XCBuildConfiguration;
			buildSettings = {
				ALWAYS_EMBED_SWIFT_STANDARD_LIBRARIES = YES;
				BUNDLE_LOADER = "$(TEST_HOST)";
				CODE_SIGN_STYLE = Automatic;
				CURRENT_PROJECT_VERSION = 1;
				DEVELOPMENT_TEAM = D774TE8QQ8;
				GENERATE_INFOPLIST_FILE = YES;
				IPHONEOS_DEPLOYMENT_TARGET = 16.4;
				MARKETING_VERSION = 1.0;
				PRODUCT_BUNDLE_IDENTIFIER = "com.hirorosoft.SwiftUI-Study-2023Tests";
				PRODUCT_NAME = "$(TARGET_NAME)";
				SWIFT_EMIT_LOC_STRINGS = NO;
				SWIFT_VERSION = 5.0;
				TARGETED_DEVICE_FAMILY = "1,2";
				TEST_HOST = "$(BUILT_PRODUCTS_DIR)/SwiftUI-Study-2023.app/$(BUNDLE_EXECUTABLE_FOLDER_PATH)/SwiftUI-Study-2023";
			};
			name = Debug;
		};
		695BD12F2A58F61A001479C3 /* Release */ = {
			isa = XCBuildConfiguration;
			buildSettings = {
				ALWAYS_EMBED_SWIFT_STANDARD_LIBRARIES = YES;
				BUNDLE_LOADER = "$(TEST_HOST)";
				CODE_SIGN_STYLE = Automatic;
				CURRENT_PROJECT_VERSION = 1;
				DEVELOPMENT_TEAM = D774TE8QQ8;
				GENERATE_INFOPLIST_FILE = YES;
				IPHONEOS_DEPLOYMENT_TARGET = 16.4;
				MARKETING_VERSION = 1.0;
				PRODUCT_BUNDLE_IDENTIFIER = "com.hirorosoft.SwiftUI-Study-2023Tests";
				PRODUCT_NAME = "$(TARGET_NAME)";
				SWIFT_EMIT_LOC_STRINGS = NO;
				SWIFT_VERSION = 5.0;
				TARGETED_DEVICE_FAMILY = "1,2";
				TEST_HOST = "$(BUILT_PRODUCTS_DIR)/SwiftUI-Study-2023.app/$(BUNDLE_EXECUTABLE_FOLDER_PATH)/SwiftUI-Study-2023";
			};
			name = Release;
		};
		695BD1312A58F61A001479C3 /* Debug */ = {
			isa = XCBuildConfiguration;
			buildSettings = {
				ALWAYS_EMBED_SWIFT_STANDARD_LIBRARIES = YES;
				CODE_SIGN_STYLE = Automatic;
				CURRENT_PROJECT_VERSION = 1;
				DEVELOPMENT_TEAM = D774TE8QQ8;
				GENERATE_INFOPLIST_FILE = YES;
				MARKETING_VERSION = 1.0;
				PRODUCT_BUNDLE_IDENTIFIER = "com.hirorosoft.SwiftUI-Study-2023UITests";
				PRODUCT_NAME = "$(TARGET_NAME)";
				SWIFT_EMIT_LOC_STRINGS = NO;
				SWIFT_VERSION = 5.0;
				TARGETED_DEVICE_FAMILY = "1,2";
				TEST_TARGET_NAME = "SwiftUI-Study-2023";
			};
			name = Debug;
		};
		695BD1322A58F61A001479C3 /* Release */ = {
			isa = XCBuildConfiguration;
			buildSettings = {
				ALWAYS_EMBED_SWIFT_STANDARD_LIBRARIES = YES;
				CODE_SIGN_STYLE = Automatic;
				CURRENT_PROJECT_VERSION = 1;
				DEVELOPMENT_TEAM = D774TE8QQ8;
				GENERATE_INFOPLIST_FILE = YES;
				MARKETING_VERSION = 1.0;
				PRODUCT_BUNDLE_IDENTIFIER = "com.hirorosoft.SwiftUI-Study-2023UITests";
				PRODUCT_NAME = "$(TARGET_NAME)";
				SWIFT_EMIT_LOC_STRINGS = NO;
				SWIFT_VERSION = 5.0;
				TARGETED_DEVICE_FAMILY = "1,2";
				TEST_TARGET_NAME = "SwiftUI-Study-2023";
			};
			name = Release;
		};
/* End XCBuildConfiguration section */

/* Begin XCConfigurationList section */
		695BD1012A58F618001479C3 /* Build configuration list for PBXProject "SwiftUI-Study-2023" */ = {
			isa = XCConfigurationList;
			buildConfigurations = (
				695BD1282A58F61A001479C3 /* Debug */,
				695BD1292A58F61A001479C3 /* Release */,
			);
			defaultConfigurationIsVisible = 0;
			defaultConfigurationName = Release;
		};
		695BD12A2A58F61A001479C3 /* Build configuration list for PBXNativeTarget "SwiftUI-Study-2023" */ = {
			isa = XCConfigurationList;
			buildConfigurations = (
				695BD12B2A58F61A001479C3 /* Debug */,
				695BD12C2A58F61A001479C3 /* Release */,
			);
			defaultConfigurationIsVisible = 0;
			defaultConfigurationName = Release;
		};
		695BD12D2A58F61A001479C3 /* Build configuration list for PBXNativeTarget "SwiftUI-Study-2023Tests" */ = {
			isa = XCConfigurationList;
			buildConfigurations = (
				695BD12E2A58F61A001479C3 /* Debug */,
				695BD12F2A58F61A001479C3 /* Release */,
			);
			defaultConfigurationIsVisible = 0;
			defaultConfigurationName = Release;
		};
		695BD1302A58F61A001479C3 /* Build configuration list for PBXNativeTarget "SwiftUI-Study-2023UITests" */ = {
			isa = XCConfigurationList;
			buildConfigurations = (
				695BD1312A58F61A001479C3 /* Debug */,
				695BD1322A58F61A001479C3 /* Release */,
			);
			defaultConfigurationIsVisible = 0;
			defaultConfigurationName = Release;
		};
/* End XCConfigurationList section */

/* Begin XCRemoteSwiftPackageReference section */
		69EB75712B809EA500499183 /* XCRemoteSwiftPackageReference "Alamofire" */ = {
			isa = XCRemoteSwiftPackageReference;
			repositoryURL = "https://github.com/Alamofire/Alamofire.git";
			requirement = {
				kind = upToNextMajorVersion;
				minimumVersion = 5.8.1;
			};
		};
		69EB75742B809EE600499183 /* XCRemoteSwiftPackageReference "SwiftSoup" */ = {
			isa = XCRemoteSwiftPackageReference;
			repositoryURL = "https://github.com/scinfu/SwiftSoup";
			requirement = {
				kind = upToNextMajorVersion;
				minimumVersion = 2.7.1;
			};
		};
/* End XCRemoteSwiftPackageReference section */

/* Begin XCSwiftPackageProductDependency section */
		69EB75722B809EA500499183 /* Alamofire */ = {
			isa = XCSwiftPackageProductDependency;
			package = 69EB75712B809EA500499183 /* XCRemoteSwiftPackageReference "Alamofire" */;
			productName = Alamofire;
		};
		69EB75752B809EE600499183 /* SwiftSoup */ = {
			isa = XCSwiftPackageProductDependency;
			package = 69EB75742B809EE600499183 /* XCRemoteSwiftPackageReference "SwiftSoup" */;
			productName = SwiftSoup;
		};
/* End XCSwiftPackageProductDependency section */
	};
	rootObject = 695BD0FE2A58F618001479C3 /* Project object */;
}
